// !$*UTF8*$!
{
	archiveVersion = 1;
	classes = {
	};
	objectVersion = 48;
	objects = {

/* Begin PBXBuildFile section */
		FABC59651F4E43E600E85E2D /* AppDelegate.swift in Sources */ = {isa = PBXBuildFile; fileRef = FABC59641F4E43E600E85E2D /* AppDelegate.swift */; };
		FABC596A1F4E43E600E85E2D /* Main.storyboard in Resources */ = {isa = PBXBuildFile; fileRef = FABC59681F4E43E600E85E2D /* Main.storyboard */; };
		FABC596C1F4E43E600E85E2D /* Assets.xcassets in Resources */ = {isa = PBXBuildFile; fileRef = FABC596B1F4E43E600E85E2D /* Assets.xcassets */; };
		FABC596F1F4E43E600E85E2D /* LaunchScreen.storyboard in Resources */ = {isa = PBXBuildFile; fileRef = FABC596D1F4E43E600E85E2D /* LaunchScreen.storyboard */; };
		FABC59771F4E444F00E85E2D /* Post.swift in Sources */ = {isa = PBXBuildFile; fileRef = FABC59761F4E444F00E85E2D /* Post.swift */; };
		FABC59791F4E595500E85E2D /* PostCell.swift in Sources */ = {isa = PBXBuildFile; fileRef = FABC59781F4E595500E85E2D /* PostCell.swift */; };
		FABC597B1F4E5A8F00E85E2D /* NewsFeedTableViewController.swift in Sources */ = {isa = PBXBuildFile; fileRef = FABC597A1F4E5A8F00E85E2D /* NewsFeedTableViewController.swift */; };
/* End PBXBuildFile section */

/* Begin PBXFileReference section */
		FABC59611F4E43E600E85E2D /* Facebook Clone.app */ = {isa = PBXFileReference; explicitFileType = wrapper.application; includeInIndex = 0; path = "Facebook Clone.app"; sourceTree = BUILT_PRODUCTS_DIR; };
		FABC59641F4E43E600E85E2D /* AppDelegate.swift */ = {isa = PBXFileReference; lastKnownFileType = sourcecode.swift; path = AppDelegate.swift; sourceTree = "<group>"; };
		FABC59691F4E43E600E85E2D /* Base */ = {isa = PBXFileReference; lastKnownFileType = file.storyboard; name = Base; path = Base.lproj/Main.storyboard; sourceTree = "<group>"; };
		FABC596B1F4E43E600E85E2D /* Assets.xcassets */ = {isa = PBXFileReference; lastKnownFileType = folder.assetcatalog; path = Assets.xcassets; sourceTree = "<group>"; };
		FABC596E1F4E43E600E85E2D /* Base */ = {isa = PBXFileReference; lastKnownFileType = file.storyboard; name = Base; path = Base.lproj/LaunchScreen.storyboard; sourceTree = "<group>"; };
		FABC59701F4E43E600E85E2D /* Info.plist */ = {isa = PBXFileReference; lastKnownFileType = text.plist.xml; path = Info.plist; sourceTree = "<group>"; };
		FABC59761F4E444F00E85E2D /* Post.swift */ = {isa = PBXFileReference; lastKnownFileType = sourcecode.swift; path = Post.swift; sourceTree = "<group>"; };
		FABC59781F4E595500E85E2D /* PostCell.swift */ = {isa = PBXFileReference; lastKnownFileType = sourcecode.swift; path = PostCell.swift; sourceTree = "<group>"; };
		FABC597A1F4E5A8F00E85E2D /* NewsFeedTableViewController.swift */ = {isa = PBXFileReference; lastKnownFileType = sourcecode.swift; path = NewsFeedTableViewController.swift; sourceTree = "<group>"; };
/* End PBXFileReference section */

/* Begin PBXFrameworksBuildPhase section */
		FABC595E1F4E43E600E85E2D /* Frameworks */ = {
			isa = PBXFrameworksBuildPhase;
			buildActionMask = 2147483647;
			files = (
			);
			runOnlyForDeploymentPostprocessing = 0;
		};
/* End PBXFrameworksBuildPhase section */

/* Begin PBXGroup section */
		FABC59581F4E43E600E85E2D = {
			isa = PBXGroup;
			children = (
				FABC59631F4E43E600E85E2D /* Facebook Clone */,
				FABC59621F4E43E600E85E2D /* Products */,
			);
			sourceTree = "<group>";
		};
		FABC59621F4E43E600E85E2D /* Products */ = {
			isa = PBXGroup;
			children = (
				FABC59611F4E43E600E85E2D /* Facebook Clone.app */,
			);
			name = Products;
			sourceTree = "<group>";
		};
		FABC59631F4E43E600E85E2D /* Facebook Clone */ = {
			isa = PBXGroup;
			children = (
				FABC59641F4E43E600E85E2D /* AppDelegate.swift */,
				FABC59681F4E43E600E85E2D /* Main.storyboard */,
				FABC596B1F4E43E600E85E2D /* Assets.xcassets */,
				FABC596D1F4E43E600E85E2D /* LaunchScreen.storyboard */,
				FABC59701F4E43E600E85E2D /* Info.plist */,
				FABC59761F4E444F00E85E2D /* Post.swift */,
				FABC59781F4E595500E85E2D /* PostCell.swift */,
				FABC597A1F4E5A8F00E85E2D /* NewsFeedTableViewController.swift */,
			);
			path = "Facebook Clone";
			sourceTree = "<group>";
		};
/* End PBXGroup section */

/* Begin PBXNativeTarget section */
		FABC59601F4E43E600E85E2D /* Facebook Clone */ = {
			isa = PBXNativeTarget;
			buildConfigurationList = FABC59731F4E43E600E85E2D /* Build configuration list for PBXNativeTarget "Facebook Clone" */;
			buildPhases = (
				FABC595D1F4E43E600E85E2D /* Sources */,
				FABC595E1F4E43E600E85E2D /* Frameworks */,
				FABC595F1F4E43E600E85E2D /* Resources */,
			);
			buildRules = (
			);
			dependencies = (
			);
			name = "Facebook Clone";
			productName = "Facebook Clone";
			productReference = FABC59611F4E43E600E85E2D /* Facebook Clone.app */;
			productType = "com.apple.product-type.application";
		};
/* End PBXNativeTarget section */

/* Begin PBXProject section */
		FABC59591F4E43E600E85E2D /* Project object */ = {
			isa = PBXProject;
			attributes = {
				LastSwiftUpdateCheck = 0900;
				LastUpgradeCheck = 0900;
				ORGANIZATIONNAME = "Alex Wong";
				TargetAttributes = {
					FABC59601F4E43E600E85E2D = {
						CreatedOnToolsVersion = 9.0;
					};
				};
			};
			buildConfigurationList = FABC595C1F4E43E600E85E2D /* Build configuration list for PBXProject "Facebook Clone" */;
			compatibilityVersion = "Xcode 8.0";
			developmentRegion = en;
			hasScannedForEncodings = 0;
			knownRegions = (
				en,
				Base,
			);
			mainGroup = FABC59581F4E43E600E85E2D;
			productRefGroup = FABC59621F4E43E600E85E2D /* Products */;
			projectDirPath = "";
			projectRoot = "";
			targets = (
				FABC59601F4E43E600E85E2D /* Facebook Clone */,
			);
		};
/* End PBXProject section */

/* Begin PBXResourcesBuildPhase section */
		FABC595F1F4E43E600E85E2D /* Resources */ = {
			isa = PBXResourcesBuildPhase;
			buildActionMask = 2147483647;
			files = (
				FABC596F1F4E43E600E85E2D /* LaunchScreen.storyboard in Resources */,
				FABC596C1F4E43E600E85E2D /* Assets.xcassets in Resources */,
				FABC596A1F4E43E600E85E2D /* Main.storyboard in Resources */,
			);
			runOnlyForDeploymentPostprocessing = 0;
		};
/* End PBXResourcesBuildPhase section */

/* Begin PBXSourcesBuildPhase section */
		FABC595D1F4E43E600E85E2D /* Sources */ = {
			isa = PBXSourcesBuildPhase;
			buildActionMask = 2147483647;
			files = (
				FABC597B1F4E5A8F00E85E2D /* NewsFeedTableViewController.swift in Sources */,
				FABC59771F4E444F00E85E2D /* Post.swift in Sources */,
				FABC59651F4E43E600E85E2D /* AppDelegate.swift in Sources */,
				FABC59791F4E595500E85E2D /* PostCell.swift in Sources */,
			);
			runOnlyForDeploymentPostprocessing = 0;
		};
/* End PBXSourcesBuildPhase section */

/* Begin PBXVariantGroup section */
		FABC59681F4E43E600E85E2D /* Main.storyboard */ = {
			isa = PBXVariantGroup;
			children = (
				FABC59691F4E43E600E85E2D /* Base */,
			);
			name = Main.storyboard;
			sourceTree = "<group>";
		};
		FABC596D1F4E43E600E85E2D /* LaunchScreen.storyboard */ = {
			isa = PBXVariantGroup;
			children = (
				FABC596E1F4E43E600E85E2D /* Base */,
			);
			name = LaunchScreen.storyboard;
			sourceTree = "<group>";
		};
/* End PBXVariantGroup section */

/* Begin XCBuildConfiguration section */
		FABC59711F4E43E600E85E2D /* Debug */ = {
			isa = XCBuildConfiguration;
			buildSettings = {
				ALWAYS_SEARCH_USER_PATHS = NO;
				CLANG_ANALYZER_NONNULL = YES;
				CLANG_ANALYZER_NUMBER_OBJECT_CONVERSION = YES_AGGRESSIVE;
				CLANG_CXX_LANGUAGE_STANDARD = "gnu++14";
				CLANG_CXX_LIBRARY = "libc++";
				CLANG_ENABLE_MODULES = YES;
				CLANG_ENABLE_OBJC_ARC = YES;
				CLANG_WARN_BLOCK_CAPTURE_AUTORELEASING = YES;
				CLANG_WARN_BOOL_CONVERSION = YES;
				CLANG_WARN_COMMA = YES;
				CLANG_WARN_CONSTANT_CONVERSION = YES;
				CLANG_WARN_DIRECT_OBJC_ISA_USAGE = YES_ERROR;
				CLANG_WARN_DOCUMENTATION_COMMENTS = YES;
				CLANG_WARN_EMPTY_BODY = YES;
				CLANG_WARN_ENUM_CONVERSION = YES;
				CLANG_WARN_INFINITE_RECURSION = YES;
				CLANG_WARN_INT_CONVERSION = YES;
				CLANG_WARN_NON_LITERAL_NULL_CONVERSION = YES;
				CLANG_WARN_OBJC_LITERAL_CONVERSION = YES;
				CLANG_WARN_OBJC_ROOT_CLASS = YES_ERROR;
				CLANG_WARN_RANGE_LOOP_ANALYSIS = YES;
				CLANG_WARN_STRICT_PROTOTYPES = YES;
				CLANG_WARN_SUSPICIOUS_MOVE = YES;
				CLANG_WARN_UNGUARDED_AVAILABILITY = YES_AGGRESSIVE;
				CLANG_WARN_UNREACHABLE_CODE = YES;
				CLANG_WARN__DUPLICATE_METHOD_MATCH = YES;
				CODE_SIGN_IDENTITY = "iPhone Developer";
				COPY_PHASE_STRIP = NO;
				DEBUG_INFORMATION_FORMAT = dwarf;
				ENABLE_STRICT_OBJC_MSGSEND = YES;
				ENABLE_TESTABILITY = YES;
				GCC_C_LANGUAGE_STANDARD = gnu11;
				GCC_DYNAMIC_NO_PIC = NO;
				GCC_NO_COMMON_BLOCKS = YES;
				GCC_OPTIMIZATION_LEVEL = 0;
				GCC_PREPROCESSOR_DEFINITIONS = (
					"DEBUG=1",
					"$(inherited)",
				);
				GCC_WARN_64_TO_32_BIT_CONVERSION = YES;
				GCC_WARN_ABOUT_RETURN_TYPE = YES_ERROR;
				GCC_WARN_UNDECLARED_SELECTOR = YES;
				GCC_WARN_UNINITIALIZED_AUTOS = YES_AGGRESSIVE;
				GCC_WARN_UNUSED_FUNCTION = YES;
				GCC_WARN_UNUSED_VARIABLE = YES;
				IPHONEOS_DEPLOYMENT_TARGET = 11.0;
				MTL_ENABLE_DEBUG_INFO = YES;
				ONLY_ACTIVE_ARCH = YES;
				SDKROOT = iphoneos;
				SWIFT_ACTIVE_COMPILATION_CONDITIONS = DEBUG;
				SWIFT_OPTIMIZATION_LEVEL = "-Onone";
			};
			name = Debug;
		};
		FABC59721F4E43E600E85E2D /* Release */ = {
			isa = XCBuildConfiguration;
			buildSettings = {
				ALWAYS_SEARCH_USER_PATHS = NO;
				CLANG_ANALYZER_NONNULL = YES;
				CLANG_ANALYZER_NUMBER_OBJECT_CONVERSION = YES_AGGRESSIVE;
				CLANG_CXX_LANGUAGE_STANDARD = "gnu++14";
				CLANG_CXX_LIBRARY = "libc++";
				CLANG_ENABLE_MODULES = YES;
				CLANG_ENABLE_OBJC_ARC = YES;
				CLANG_WARN_BLOCK_CAPTURE_AUTORELEASING = YES;
				CLANG_WARN_BOOL_CONVERSION = YES;
				CLANG_WARN_COMMA = YES;
				CLANG_WARN_CONSTANT_CONVERSION = YES;
				CLANG_WARN_DIRECT_OBJC_ISA_USAGE = YES_ERROR;
				CLANG_WARN_DOCUMENTATION_COMMENTS = YES;
				CLANG_WARN_EMPTY_BODY = YES;
				CLANG_WARN_ENUM_CONVERSION = YES;
				CLANG_WARN_INFINITE_RECURSION = YES;
				CLANG_WARN_INT_CONVERSION = YES;
				CLANG_WARN_NON_LITERAL_NULL_CONVERSION = YES;
				CLANG_WARN_OBJC_LITERAL_CONVERSION = YES;
				CLANG_WARN_OBJC_ROOT_CLASS = YES_ERROR;
				CLANG_WARN_RANGE_LOOP_ANALYSIS = YES;
				CLANG_WARN_STRICT_PROTOTYPES = YES;
				CLANG_WARN_SUSPICIOUS_MOVE = YES;
				CLANG_WARN_UNGUARDED_AVAILABILITY = YES_AGGRESSIVE;
				CLANG_WARN_UNREACHABLE_CODE = YES;
				CLANG_WARN__DUPLICATE_METHOD_MATCH = YES;
				CODE_SIGN_IDENTITY = "iPhone Developer";
				COPY_PHASE_STRIP = NO;
				DEBUG_INFORMATION_FORMAT = "dwarf-with-dsym";
				ENABLE_NS_ASSERTIONS = NO;
				ENABLE_STRICT_OBJC_MSGSEND = YES;
				GCC_C_LANGUAGE_STANDARD = gnu11;
				GCC_NO_COMMON_BLOCKS = YES;
				GCC_WARN_64_TO_32_BIT_CONVERSION = YES;
				GCC_WARN_ABOUT_RETURN_TYPE = YES_ERROR;
				GCC_WARN_UNDECLARED_SELECTOR = YES;
				GCC_WARN_UNINITIALIZED_AUTOS = YES_AGGRESSIVE;
				GCC_WARN_UNUSED_FUNCTION = YES;
				GCC_WARN_UNUSED_VARIABLE = YES;
				IPHONEOS_DEPLOYMENT_TARGET = 11.0;
				MTL_ENABLE_DEBUG_INFO = NO;
				SDKROOT = iphoneos;
				SWIFT_OPTIMIZATION_LEVEL = "-Owholemodule";
				VALIDATE_PRODUCT = YES;
			};
			name = Release;
		};
		FABC59741F4E43E600E85E2D /* Debug */ = {
			isa = XCBuildConfiguration;
			buildSettings = {
				ASSETCATALOG_COMPILER_APPICON_NAME = AppIcon;
				INFOPLIST_FILE = "Facebook Clone/Info.plist";
				LD_RUNPATH_SEARCH_PATHS = "$(inherited) @executable_path/Frameworks";
				PRODUCT_BUNDLE_IDENTIFIER = "com.alwongg.Facebook-Clone";
				PRODUCT_NAME = "$(TARGET_NAME)";
				SWIFT_VERSION = 4.0;
				TARGETED_DEVICE_FAMILY = "1,2";
			};
			name = Debug;
		};
		FABC59751F4E43E600E85E2D /* Release */ = {
			isa = XCBuildConfiguration;
			buildSettings = {
				ASSETCATALOG_COMPILER_APPICON_NAME = AppIcon;
				INFOPLIST_FILE = "Facebook Clone/Info.plist";
				LD_RUNPATH_SEARCH_PATHS = "$(inherited) @executable_path/Frameworks";
				PRODUCT_BUNDLE_IDENTIFIER = "com.alwongg.Facebook-Clone";
				PRODUCT_NAME = "$(TARGET_NAME)";
				SWIFT_VERSION = 4.0;
				TARGETED_DEVICE_FAMILY = "1,2";
			};
			name = Release;
		};
/* End XCBuildConfiguration section */

/* Begin XCConfigurationList section */
		FABC595C1F4E43E600E85E2D /* Build configuration list for PBXProject "Facebook Clone" */ = {
			isa = XCConfigurationList;
			buildConfigurations = (
				FABC59711F4E43E600E85E2D /* Debug */,
				FABC59721F4E43E600E85E2D /* Release */,
			);
			defaultConfigurationIsVisible = 0;
			defaultConfigurationName = Release;
		};
		FABC59731F4E43E600E85E2D /* Build configuration list for PBXNativeTarget "Facebook Clone" */ = {
			isa = XCConfigurationList;
			buildConfigurations = (
				FABC59741F4E43E600E85E2D /* Debug */,
				FABC59751F4E43E600E85E2D /* Release */,
			);
			defaultConfigurationIsVisible = 0;
			defaultConfigurationName = Release;
		};
/* End XCConfigurationList section */
	};
	rootObject = FABC59591F4E43E600E85E2D /* Project object */;
}
